Microsoft Visual Studio Solution File, Format Version 12.00
# Visual Studio Version 16
VisualStudioVersion = 16.0.32929.386
MinimumVisualStudioVersion = 10.0.40219.1
Project("{9A19103F-16F7-4668-BE54-9A1E7A4F7556}") = "ClienteServidor", "ClienteServidor\ClienteServidor.csproj", "{CC4A7D5D-1A77-4DE6-9166-72B3EEF082F5}"
EndProject
Project("{FAE04EC0-301F-11D3-BF4B-00C04F79EFBC}") = "HttpMethod", "HttpMethod\HttpMethod.csproj", "{9AD2CEFC-526D-41D3-8C61-DC6169205133}"
EndProject
Project("{FAE04EC0-301F-11D3-BF4B-00C04F79EFBC}") = "DesenvolvimentoCamadas", "DesenvolvimentoCamadas\DesenvolvimentoCamadas.csproj", "{E4FA3784-E0EB-42C0-B26C-B7DA48C9A555}"
EndProject
Project("{FAE04EC0-301F-11D3-BF4B-00C04F79EFBC}") = "AspBlazor", "AspBlazor\AspBlazor.csproj", "{F1C5C7E7-E6B3-498A-9D4A-C5CAD7D337C6}"
EndProject
Project("{2150E333-8FDC-42A3-9474-1A3956D46DE8}") = "Solution Items", "Solution Items", "{DF6158A4-EAB4-45A2-A6D0-78E377D25F5C}"
	ProjectSection(SolutionItems) = preProject
		ScriptAula5.txt = ScriptAula5.txt
	EndProjectSection
EndProject
Project("{FAE04EC0-301F-11D3-BF4B-00C04F79EFBC}") = "AspNetRazor", "AspNetRazor\AspNetRazor.csproj", "{DA030233-DFE7-4B6C-952B-388B66872E33}"
EndProject
Project("{FAE04EC0-301F-11D3-BF4B-00C04F79EFBC}") = "AspNetMVC", "AspNetMVC\AspNetMVC.csproj", "{0500517B-E71B-4650-86BB-91CB309C8214}"
EndProject
Project("{FAE04EC0-301F-11D3-BF4B-00C04F79EFBC}") = "AspNetControllers", "AspNetControllers\AspNetControllers.csproj", "{D1711C67-00C4-43E6-A94E-79421CBE706C}"
EndProject
Project("{FAE04EC0-301F-11D3-BF4B-00C04F79EFBC}") = "AspNetDependencyInjection", "AspNetDependencyInjection\AspNetDependencyInjection.csproj", "{0A6DF107-F9E8-4122-9C3A-7A3C1D66672A}"
EndProject
Project("{FAE04EC0-301F-11D3-BF4B-00C04F79EFBC}") = "AspNetDI", "AspNetDI\AspNetDI.csproj", "{0FBA1C22-D9F2-42B4-945E-04E205642623}"
EndProject
Project("{FAE04EC0-301F-11D3-BF4B-00C04F79EFBC}") = "AspNetDITests", "AspNetDITests\AspNetDITests.csproj", "{99F075EE-FCF5-4E23-9006-AD66665338BE}"
EndProject
Project("{FAE04EC0-301F-11D3-BF4B-00C04F79EFBC}") = "EmissoraViewModel", "EmissoraViewModel\EmissoraViewModel.csproj", "{E5576C59-A376-4740-A182-16125D68D21D}"
EndProject
Project("{FAE04EC0-301F-11D3-BF4B-00C04F79EFBC}") = "AspNetDate", "AspNetDate\AspNetDate.csproj", "{5DEE675A-23B1-4D5E-B299-3D6034FA4173}"
EndProject
Project("{FAE04EC0-301F-11D3-BF4B-00C04F79EFBC}") = "AspNetMvcEF", "AspNetMvcEF\AspNetMvcEF.csproj", "{82170664-7D13-4B54-AF0D-2BBD023E950C}"
EndProject
Project("{FAE04EC0-301F-11D3-BF4B-00C04F79EFBC}") = "Campeonato", "Campeonato\Campeonato.csproj", "{93CF3D47-7DCA-48A8-BDC7-15B9749DB29A}"
EndProject
Project("{FAE04EC0-301F-11D3-BF4B-00C04F79EFBC}") = "CampeonatoTests", "CampeonatoTests\CampeonatoTests.csproj", "{82E079C5-2828-4063-8D30-7421E11D673B}"
EndProject
Global
	GlobalSection(SolutionConfigurationPlatforms) = preSolution
		Debug|Any CPU = Debug|Any CPU
		Release|Any CPU = Release|Any CPU
	EndGlobalSection
	GlobalSection(ProjectConfigurationPlatforms) = postSolution
		{CC4A7D5D-1A77-4DE6-9166-72B3EEF082F5}.Debug|Any CPU.ActiveCfg = Debug|Any CPU
		{CC4A7D5D-1A77-4DE6-9166-72B3EEF082F5}.Debug|Any CPU.Build.0 = Debug|Any CPU
		{CC4A7D5D-1A77-4DE6-9166-72B3EEF082F5}.Release|Any CPU.ActiveCfg = Release|Any CPU
		{CC4A7D5D-1A77-4DE6-9166-72B3EEF082F5}.Release|Any CPU.Build.0 = Release|Any CPU
		{9AD2CEFC-526D-41D3-8C61-DC6169205133}.Debug|Any CPU.ActiveCfg = Debug|Any CPU
		{9AD2CEFC-526D-41D3-8C61-DC6169205133}.Debug|Any CPU.Build.0 = Debug|Any CPU
		{9AD2CEFC-526D-41D3-8C61-DC6169205133}.Release|Any CPU.ActiveCfg = Release|Any CPU
		{9AD2CEFC-526D-41D3-8C61-DC6169205133}.Release|Any CPU.Build.0 = Release|Any CPU
		{E4FA3784-E0EB-42C0-B26C-B7DA48C9A555}.Debug|Any CPU.ActiveCfg = Debug|Any CPU
		{E4FA3784-E0EB-42C0-B26C-B7DA48C9A555}.Debug|Any CPU.Build.0 = Debug|Any CPU
		{E4FA3784-E0EB-42C0-B26C-B7DA48C9A555}.Release|Any CPU.ActiveCfg = Release|Any CPU
		{E4FA3784-E0EB-42C0-B26C-B7DA48C9A555}.Release|Any CPU.Build.0 = Release|Any CPU
		{F1C5C7E7-E6B3-498A-9D4A-C5CAD7D337C6}.Debug|Any CPU.ActiveCfg = Debug|Any CPU
		{F1C5C7E7-E6B3-498A-9D4A-C5CAD7D337C6}.Debug|Any CPU.Build.0 = Debug|Any CPU
		{F1C5C7E7-E6B3-498A-9D4A-C5CAD7D337C6}.Release|Any CPU.ActiveCfg = Release|Any CPU
		{F1C5C7E7-E6B3-498A-9D4A-C5CAD7D337C6}.Release|Any CPU.Build.0 = Release|Any CPU
		{DA030233-DFE7-4B6C-952B-388B66872E33}.Debug|Any CPU.ActiveCfg = Debug|Any CPU
		{DA030233-DFE7-4B6C-952B-388B66872E33}.Debug|Any CPU.Build.0 = Debug|Any CPU
		{DA030233-DFE7-4B6C-952B-388B66872E33}.Release|Any CPU.ActiveCfg = Release|Any CPU
		{DA030233-DFE7-4B6C-952B-388B66872E33}.Release|Any CPU.Build.0 = Release|Any CPU
		{0500517B-E71B-4650-86BB-91CB309C8214}.Debug|Any CPU.ActiveCfg = Debug|Any CPU
		{0500517B-E71B-4650-86BB-91CB309C8214}.Debug|Any CPU.Build.0 = Debug|Any CPU
		{0500517B-E71B-4650-86BB-91CB309C8214}.Release|Any CPU.ActiveCfg = Release|Any CPU
		{0500517B-E71B-4650-86BB-91CB309C8214}.Release|Any CPU.Build.0 = Release|Any CPU
		{D1711C67-00C4-43E6-A94E-79421CBE706C}.Debug|Any CPU.ActiveCfg = Debug|Any CPU
		{D1711C67-00C4-43E6-A94E-79421CBE706C}.Debug|Any CPU.Build.0 = Debug|Any CPU
		{D1711C67-00C4-43E6-A94E-79421CBE706C}.Release|Any CPU.ActiveCfg = Release|Any CPU
		{D1711C67-00C4-43E6-A94E-79421CBE706C}.Release|Any CPU.Build.0 = Release|Any CPU
		{E1B8EAF2-4607-4C59-ABCA-830294809CA8}.Debug|Any CPU.ActiveCfg = Debug|Any CPU
		{E1B8EAF2-4607-4C59-ABCA-830294809CA8}.Debug|Any CPU.Build.0 = Debug|Any CPU
		{E1B8EAF2-4607-4C59-ABCA-830294809CA8}.Release|Any CPU.ActiveCfg = Release|Any CPU
		{E1B8EAF2-4607-4C59-ABCA-830294809CA8}.Release|Any CPU.Build.0 = Release|Any CPU
		{472C2E8E-3F16-48E3-9511-F93770250084}.Debug|Any CPU.ActiveCfg = Debug|Any CPU
		{472C2E8E-3F16-48E3-9511-F93770250084}.Debug|Any CPU.Build.0 = Debug|Any CPU
		{472C2E8E-3F16-48E3-9511-F93770250084}.Release|Any CPU.ActiveCfg = Release|Any CPU
		{472C2E8E-3F16-48E3-9511-F93770250084}.Release|Any CPU.Build.0 = Release|Any CPU
		{0A6DF107-F9E8-4122-9C3A-7A3C1D66672A}.Debug|Any CPU.ActiveCfg = Debug|Any CPU
		{0A6DF107-F9E8-4122-9C3A-7A3C1D66672A}.Debug|Any CPU.Build.0 = Debug|Any CPU
		{0A6DF107-F9E8-4122-9C3A-7A3C1D66672A}.Release|Any CPU.ActiveCfg = Release|Any CPU
		{0A6DF107-F9E8-4122-9C3A-7A3C1D66672A}.Release|Any CPU.Build.0 = Release|Any CPU
		{0FBA1C22-D9F2-42B4-945E-04E205642623}.Debug|Any CPU.ActiveCfg = Debug|Any CPU
		{0FBA1C22-D9F2-42B4-945E-04E205642623}.Debug|Any CPU.Build.0 = Debug|Any CPU
		{0FBA1C22-D9F2-42B4-945E-04E205642623}.Release|Any CPU.ActiveCfg = Release|Any CPU
		{0FBA1C22-D9F2-42B4-945E-04E205642623}.Release|Any CPU.Build.0 = Release|Any CPU
		{99F075EE-FCF5-4E23-9006-AD66665338BE}.Debug|Any CPU.ActiveCfg = Debug|Any CPU
		{99F075EE-FCF5-4E23-9006-AD66665338BE}.Debug|Any CPU.Build.0 = Debug|Any CPU
		{99F075EE-FCF5-4E23-9006-AD66665338BE}.Release|Any CPU.ActiveCfg = Release|Any CPU
		{99F075EE-FCF5-4E23-9006-AD66665338BE}.Release|Any CPU.Build.0 = Release|Any CPU
		{E5576C59-A376-4740-A182-16125D68D21D}.Debug|Any CPU.ActiveCfg = Debug|Any CPU
		{E5576C59-A376-4740-A182-16125D68D21D}.Debug|Any CPU.Build.0 = Debug|Any CPU
		{E5576C59-A376-4740-A182-16125D68D21D}.Release|Any CPU.ActiveCfg = Release|Any CPU
		{E5576C59-A376-4740-A182-16125D68D21D}.Release|Any CPU.Build.0 = Release|Any CPU
		{5DEE675A-23B1-4D5E-B299-3D6034FA4173}.Debug|Any CPU.ActiveCfg = Debug|Any CPU
		{5DEE675A-23B1-4D5E-B299-3D6034FA4173}.Debug|Any CPU.Build.0 = Debug|Any CPU
		{5DEE675A-23B1-4D5E-B299-3D6034FA4173}.Release|Any CPU.ActiveCfg = Release|Any CPU
		{5DEE675A-23B1-4D5E-B299-3D6034FA4173}.Release|Any CPU.Build.0 = Release|Any CPU
		{82170664-7D13-4B54-AF0D-2BBD023E950C}.Debug|Any CPU.ActiveCfg = Debug|Any CPU
		{82170664-7D13-4B54-AF0D-2BBD023E950C}.Debug|Any CPU.Build.0 = Debug|Any CPU
		{82170664-7D13-4B54-AF0D-2BBD023E950C}.Release|Any CPU.ActiveCfg = Release|Any CPU
		{82170664-7D13-4B54-AF0D-2BBD023E950C}.Release|Any CPU.Build.0 = Release|Any CPU
		{93CF3D47-7DCA-48A8-BDC7-15B9749DB29A}.Debug|Any CPU.ActiveCfg = Debug|Any CPU
		{93CF3D47-7DCA-48A8-BDC7-15B9749DB29A}.Debug|Any CPU.Build.0 = Debug|Any CPU
		{93CF3D47-7DCA-48A8-BDC7-15B9749DB29A}.Release|Any CPU.ActiveCfg = Release|Any CPU
		{93CF3D47-7DCA-48A8-BDC7-15B9749DB29A}.Release|Any CPU.Build.0 = Release|Any CPU
		{82E079C5-2828-4063-8D30-7421E11D673B}.Debug|Any CPU.ActiveCfg = Debug|Any CPU
		{82E079C5-2828-4063-8D30-7421E11D673B}.Debug|Any CPU.Build.0 = Debug|Any CPU
		{82E079C5-2828-4063-8D30-7421E11D673B}.Release|Any CPU.ActiveCfg = Release|Any CPU
		{82E079C5-2828-4063-8D30-7421E11D673B}.Release|Any CPU.Build.0 = Release|Any CPU
	EndGlobalSection
	GlobalSection(SolutionProperties) = preSolution
		HideSolutionNode = FALSE
	EndGlobalSection
	GlobalSection(ExtensibilityGlobals) = postSolution
		SolutionGuid = {F835B09E-3795-4E09-B836-8405F501317B}
	EndGlobalSection
EndGlobal
